<?xml version="1.0" encoding="utf-8"?>
<Project ToolsVersion="4.0" xmlns="http://schemas.microsoft.com/developer/msbuild/2003">
  <ItemGroup>
    <Filter Include="Archivos de encabezado">
      <UniqueIdentifier>{93995380-89BD-4b04-88EB-625FBE52EBFB}</UniqueIdentifier>
      <Extensions>h;hh;hpp;hxx;hm;inl;inc;ipp;xsd</Extensions>
    </Filter>
    <Filter Include="Archivos de recursos">
      <UniqueIdentifier>{67DA6AB6-F800-4c08-8B7A-83BB121AAD01}</UniqueIdentifier>
      <Extensions>rc;ico;cur;bmp;dlg;rc2;rct;bin;rgs;gif;jpg;jpeg;jpe;resx;tiff;tif;png;wav;mfcribbon-ms</Extensions>
    </Filter>
    <Filter Include="Archivos de código fuente">
      <UniqueIdentifier>{4FC737F1-C7A5-4376-A066-2A32D752A2FF}</UniqueIdentifier>
      <Extensions>cpp;c;cc;cxx;def;odl;idl;hpj;bat;asm;asmx</Extensions>
    </Filter>
  </ItemGroup>
  <ItemGroup>
    <ClInclude Include="IG2ApplicationContext.h">
      <Filter>Archivos de encabezado</Filter>
    </ClInclude>
    <ClInclude Include="IG2App.h">
      <Filter>Archivos de encabezado</Filter>
    </ClInclude>
    <ClInclude Include="objects\Aspa.h">
      <Filter>Archivos de encabezado</Filter>
    </ClInclude>
    <ClInclude Include="objects\Aspas.h">
      <Filter>Archivos de encabezado</Filter>
    </ClInclude>
    <ClInclude Include="objects\Molino.h">
      <Filter>Archivos de encabezado</Filter>
    </ClInclude>
    <ClInclude Include="objects\EntidadIG.h">
      <Filter>Archivos de encabezado</Filter>
    </ClInclude>
    <ClInclude Include="objects\Avion.h">
      <Filter>Archivos de encabezado</Filter>
    </ClInclude>
    <ClInclude Include="objects\Plano.h">
      <Filter>Archivos de encabezado</Filter>
    </ClInclude>
    <ClInclude Include="objects\Rio.h">
      <Filter>Archivos de encabezado</Filter>
    </ClInclude>
    <ClInclude Include="objects\Sinbad.h">
      <Filter>Archivos de encabezado</Filter>
    </ClInclude>
    <ClInclude Include="objects\Baliza.h">
      <Filter>Archivos de encabezado</Filter>
    </ClInclude>
  </ItemGroup>
  <ItemGroup>
    <ClCompile Include="IG2ApplicationContext.cpp">
      <Filter>Archivos de código fuente</Filter>
    </ClCompile>
    <ClCompile Include="IG2App.cpp">
      <Filter>Archivos de código fuente</Filter>
    </ClCompile>
    <ClCompile Include="IG2Main.cpp">
      <Filter>Archivos de código fuente</Filter>
    </ClCompile>
    <ClCompile Include="objects\Aspa.cpp">
      <Filter>Archivos de código fuente</Filter>
    </ClCompile>
    <ClCompile Include="objects\Aspas.cpp">
      <Filter>Archivos de código fuente</Filter>
    </ClCompile>
    <ClCompile Include="objects\Molino.cpp">
      <Filter>Archivos de código fuente</Filter>
    </ClCompile>
    <ClCompile Include="objects\EntidadIG.cpp">
      <Filter>Archivos de código fuente</Filter>
    </ClCompile>
    <ClCompile Include="objects\Avion.cpp">
      <Filter>Archivos de código fuente</Filter>
    </ClCompile>
    <ClCompile Include="objects\Plano.cpp">
      <Filter>Archivos de código fuente</Filter>
    </ClCompile>
    <ClCompile Include="objects\Rio.cpp">
      <Filter>Archivos de código fuente</Filter>
    </ClCompile>
    <ClCompile Include="objects\Sinbad.cpp">
      <Filter>Archivos de código fuente</Filter>
    </ClCompile>
    <ClCompile Include="objects\Baliza.cpp">
      <Filter>Archivos de código fuente</Filter>
    </ClCompile>
  </ItemGroup>
  <ItemGroup>
    <None Include="..\media\IG2App\BalizaTeseladaFS.glsl">
      <Filter>Archivos de recursos</Filter>
    </None>
    <None Include="..\media\IG2App\BalizaTeseladaVS.glsl">
      <Filter>Archivos de recursos</Filter>
    </None>
    <None Include="..\media\IG2App\MyFirstShaderFS.glsl">
      <Filter>Archivos de recursos</Filter>
    </None>
    <None Include="..\media\IG2App\OrangeShaderFS.glsl">
      <Filter>Archivos de recursos</Filter>
    </None>
    <None Include="..\media\IG2App\OrangeShaderVS.glsl">
      <Filter>Archivos de recursos</Filter>
    </None>
    <None Include="..\media\IG2App\practica1Materials.material">
      <Filter>Archivos de recursos</Filter>
    </None>
    <None Include="..\media\IG2App\practica1Particles.particle">
      <Filter>Archivos de recursos</Filter>
    </None>
    <None Include="..\media\IG2App\practica2GLSL.material">
      <Filter>Archivos de recursos</Filter>
    </None>
    <None Include="..\media\IG2App\practica2Material.material">
      <Filter>Archivos de recursos</Filter>
    </None>
    <None Include="..\media\IG2App\SpaceFS.glsl">
      <Filter>Archivos de recursos</Filter>
    </None>
    <None Include="..\media\IG2App\SpaceSkyFS.glsl">
      <Filter>Archivos de recursos</Filter>
    </None>
    <None Include="..\media\IG2App\SpaceSkyVS.glsl">
      <Filter>Archivos de recursos</Filter>
    </None>
    <None Include="..\media\IG2App\SpaceVS.glsl">
      <Filter>Archivos de recursos</Filter>
    </None>
    <None Include="..\media\IG2App\BalizaTeseladaConZoomFS.glsl">
      <Filter>Archivos de recursos</Filter>
    </None>
    <None Include="..\media\IG2App\BalizaTeseladaConZoomVS.glsl">
      <Filter>Archivos de recursos</Filter>
    </None>
    <None Include="..\media\IG2App\HolesFS.glsl">
      <Filter>Archivos de recursos</Filter>
    </None>
    <None Include="..\media\IG2App\HolesVS.glsl">
      <Filter>Archivos de recursos</Filter>
    </None>
    <None Include="..\media\IG2App\HolesAndVertexLightningFS.glsl">
      <Filter>Archivos de recursos</Filter>
    </None>
    <None Include="..\media\IG2App\HolesAndVertexLightningVS.glsl">
      <Filter>Archivos de recursos</Filter>
    </None>
    <None Include="..\media\IG2App\HolesAndLightningFS.glsl">
      <Filter>Archivos de recursos</Filter>
    </None>
    <None Include="..\media\IG2App\HolesAndLightningVS.glsl">
      <Filter>Archivos de recursos</Filter>
    </None>
    <None Include="..\media\IG2App\SpotLightFS.glsl">
      <Filter>Archivos de recursos</Filter>
    </None>
    <None Include="..\media\IG2App\SpotLightVS.glsl">
      <Filter>Archivos de recursos</Filter>
    </None>
  </ItemGroup>
</Project>